// !$*UTF8*$!
{
	archiveVersion = 1;
	classes = {
	};
	objectVersion = 46;
	objects = {

/* Begin PBXBuildFile section */
		1EAAB0531C607B77007F7E07 /* main.m in Sources */ = {isa = PBXBuildFile; fileRef = 1EAAB0521C607B77007F7E07 /* main.m */; };
		1EAAB0561C607B77007F7E07 /* AppDelegate.m in Sources */ = {isa = PBXBuildFile; fileRef = 1EAAB0551C607B77007F7E07 /* AppDelegate.m */; };
		1EAAB05C1C607B77007F7E07 /* Main.storyboard in Resources */ = {isa = PBXBuildFile; fileRef = 1EAAB05A1C607B77007F7E07 /* Main.storyboard */; };
		1EAAB05E1C607B77007F7E07 /* Assets.xcassets in Resources */ = {isa = PBXBuildFile; fileRef = 1EAAB05D1C607B77007F7E07 /* Assets.xcassets */; };
		1EAAB0611C607B77007F7E07 /* LaunchScreen.storyboard in Resources */ = {isa = PBXBuildFile; fileRef = 1EAAB05F1C607B77007F7E07 /* LaunchScreen.storyboard */; };
		1EAAB06F1C60822B007F7E07 /* ZXWInfoTableViewController.m in Sources */ = {isa = PBXBuildFile; fileRef = 1EAAB06E1C60822B007F7E07 /* ZXWInfoTableViewController.m */; };
		1EAAB0741C608C09007F7E07 /* ZXWHomeViewController.m in Sources */ = {isa = PBXBuildFile; fileRef = 1EAAB0721C608C09007F7E07 /* ZXWHomeViewController.m */; };
		1EAAB0751C608C09007F7E07 /* ZXWHomeViewController.xib in Resources */ = {isa = PBXBuildFile; fileRef = 1EAAB0731C608C09007F7E07 /* ZXWHomeViewController.xib */; };
		1EAAB07A1C60967F007F7E07 /* ZXWInfoCell.m in Sources */ = {isa = PBXBuildFile; fileRef = 1EAAB0781C60967F007F7E07 /* ZXWInfoCell.m */; };
		1EAAB07B1C60967F007F7E07 /* ZXWInfoCell.xib in Resources */ = {isa = PBXBuildFile; fileRef = 1EAAB0791C60967F007F7E07 /* ZXWInfoCell.xib */; };
		1EAAB07E1C60A654007F7E07 /* ZXWRetriveData.m in Sources */ = {isa = PBXBuildFile; fileRef = 1EAAB07D1C60A654007F7E07 /* ZXWRetriveData.m */; };
/* End PBXBuildFile section */

/* Begin PBXFileReference section */
		1EAAB04E1C607B77007F7E07 /* 找新窝.app */ = {isa = PBXFileReference; explicitFileType = wrapper.application; includeInIndex = 0; path = "找新窝.app"; sourceTree = BUILT_PRODUCTS_DIR; };
		1EAAB0521C607B77007F7E07 /* main.m */ = {isa = PBXFileReference; lastKnownFileType = sourcecode.c.objc; path = main.m; sourceTree = "<group>"; };
		1EAAB0541C607B77007F7E07 /* AppDelegate.h */ = {isa = PBXFileReference; lastKnownFileType = sourcecode.c.h; path = AppDelegate.h; sourceTree = "<group>"; };
		1EAAB0551C607B77007F7E07 /* AppDelegate.m */ = {isa = PBXFileReference; lastKnownFileType = sourcecode.c.objc; path = AppDelegate.m; sourceTree = "<group>"; };
		1EAAB05B1C607B77007F7E07 /* Base */ = {isa = PBXFileReference; lastKnownFileType = file.storyboard; name = Base; path = Base.lproj/Main.storyboard; sourceTree = "<group>"; };
		1EAAB05D1C607B77007F7E07 /* Assets.xcassets */ = {isa = PBXFileReference; lastKnownFileType = folder.assetcatalog; path = Assets.xcassets; sourceTree = "<group>"; };
		1EAAB0601C607B77007F7E07 /* Base */ = {isa = PBXFileReference; lastKnownFileType = file.storyboard; name = Base; path = Base.lproj/LaunchScreen.storyboard; sourceTree = "<group>"; };
		1EAAB0621C607B77007F7E07 /* Info.plist */ = {isa = PBXFileReference; lastKnownFileType = text.plist.xml; path = Info.plist; sourceTree = "<group>"; };
		1EAAB06D1C60822B007F7E07 /* ZXWInfoTableViewController.h */ = {isa = PBXFileReference; fileEncoding = 4; lastKnownFileType = sourcecode.c.h; path = ZXWInfoTableViewController.h; sourceTree = "<group>"; };
		1EAAB06E1C60822B007F7E07 /* ZXWInfoTableViewController.m */ = {isa = PBXFileReference; fileEncoding = 4; lastKnownFileType = sourcecode.c.objc; path = ZXWInfoTableViewController.m; sourceTree = "<group>"; };
		1EAAB0711C608C09007F7E07 /* ZXWHomeViewController.h */ = {isa = PBXFileReference; fileEncoding = 4; lastKnownFileType = sourcecode.c.h; path = ZXWHomeViewController.h; sourceTree = "<group>"; };
		1EAAB0721C608C09007F7E07 /* ZXWHomeViewController.m */ = {isa = PBXFileReference; fileEncoding = 4; lastKnownFileType = sourcecode.c.objc; path = ZXWHomeViewController.m; sourceTree = "<group>"; };
		1EAAB0731C608C09007F7E07 /* ZXWHomeViewController.xib */ = {isa = PBXFileReference; fileEncoding = 4; lastKnownFileType = file.xib; path = ZXWHomeViewController.xib; sourceTree = "<group>"; };
		1EAAB0771C60967F007F7E07 /* ZXWInfoCell.h */ = {isa = PBXFileReference; fileEncoding = 4; lastKnownFileType = sourcecode.c.h; path = ZXWInfoCell.h; sourceTree = "<group>"; };
		1EAAB0781C60967F007F7E07 /* ZXWInfoCell.m */ = {isa = PBXFileReference; fileEncoding = 4; lastKnownFileType = sourcecode.c.objc; path = ZXWInfoCell.m; sourceTree = "<group>"; };
		1EAAB0791C60967F007F7E07 /* ZXWInfoCell.xib */ = {isa = PBXFileReference; fileEncoding = 4; lastKnownFileType = file.xib; path = ZXWInfoCell.xib; sourceTree = "<group>"; };
		1EAAB07C1C60A654007F7E07 /* ZXWRetriveData.h */ = {isa = PBXFileReference; fileEncoding = 4; lastKnownFileType = sourcecode.c.h; path = ZXWRetriveData.h; sourceTree = "<group>"; };
		1EAAB07D1C60A654007F7E07 /* ZXWRetriveData.m */ = {isa = PBXFileReference; fileEncoding = 4; lastKnownFileType = sourcecode.c.objc; path = ZXWRetriveData.m; sourceTree = "<group>"; };
/* End PBXFileReference section */

/* Begin PBXFrameworksBuildPhase section */
		1EAAB04B1C607B77007F7E07 /* Frameworks */ = {
			isa = PBXFrameworksBuildPhase;
			buildActionMask = 2147483647;
			files = (
			);
			runOnlyForDeploymentPostprocessing = 0;
		};
/* End PBXFrameworksBuildPhase section */

/* Begin PBXGroup section */
		1EAAB0451C607B77007F7E07 = {
			isa = PBXGroup;
			children = (
				1EAAB0501C607B77007F7E07 /* 找新窝 */,
				1EAAB04F1C607B77007F7E07 /* Products */,
			);
			sourceTree = "<group>";
		};
		1EAAB04F1C607B77007F7E07 /* Products */ = {
			isa = PBXGroup;
			children = (
				1EAAB04E1C607B77007F7E07 /* 找新窝.app */,
			);
			name = Products;
			sourceTree = "<group>";
		};
		1EAAB0501C607B77007F7E07 /* 找新窝 */ = {
			isa = PBXGroup;
			children = (
				1EAAB0541C607B77007F7E07 /* AppDelegate.h */,
				1EAAB0551C607B77007F7E07 /* AppDelegate.m */,
				1EAAB05A1C607B77007F7E07 /* Main.storyboard */,
				1EAAB05D1C607B77007F7E07 /* Assets.xcassets */,
				1EAAB0701C608237007F7E07 /* View */,
				1EAAB0761C609273007F7E07 /* Model */,
				1EAAB05F1C607B77007F7E07 /* LaunchScreen.storyboard */,
				1EAAB0621C607B77007F7E07 /* Info.plist */,
				1EAAB0511C607B77007F7E07 /* Supporting Files */,
			);
			path = "找新窝";
			sourceTree = "<group>";
		};
		1EAAB0511C607B77007F7E07 /* Supporting Files */ = {
			isa = PBXGroup;
			children = (
				1EAAB0521C607B77007F7E07 /* main.m */,
			);
			name = "Supporting Files";
			sourceTree = "<group>";
		};
		1EAAB0701C608237007F7E07 /* View */ = {
			isa = PBXGroup;
			children = (
				1EAAB0711C608C09007F7E07 /* ZXWHomeViewController.h */,
				1EAAB0721C608C09007F7E07 /* ZXWHomeViewController.m */,
				1EAAB0731C608C09007F7E07 /* ZXWHomeViewController.xib */,
				1EAAB06D1C60822B007F7E07 /* ZXWInfoTableViewController.h */,
				1EAAB06E1C60822B007F7E07 /* ZXWInfoTableViewController.m */,
				1EAAB0771C60967F007F7E07 /* ZXWInfoCell.h */,
				1EAAB0781C60967F007F7E07 /* ZXWInfoCell.m */,
				1EAAB0791C60967F007F7E07 /* ZXWInfoCell.xib */,
			);
			name = View;
			sourceTree = "<group>";
		};
		1EAAB0761C609273007F7E07 /* Model */ = {
			isa = PBXGroup;
			children = (
				1EAAB07C1C60A654007F7E07 /* ZXWRetriveData.h */,
				1EAAB07D1C60A654007F7E07 /* ZXWRetriveData.m */,
			);
			name = Model;
			sourceTree = "<group>";
		};
/* End PBXGroup section */

/* Begin PBXNativeTarget section */
		1EAAB04D1C607B77007F7E07 /* 找新窝 */ = {
			isa = PBXNativeTarget;
			buildConfigurationList = 1EAAB0651C607B77007F7E07 /* Build configuration list for PBXNativeTarget "找新窝" */;
			buildPhases = (
				1EAAB04A1C607B77007F7E07 /* Sources */,
				1EAAB04B1C607B77007F7E07 /* Frameworks */,
				1EAAB04C1C607B77007F7E07 /* Resources */,
			);
			buildRules = (
			);
			dependencies = (
			);
			name = "找新窝";
			productName = "找新窝";
			productReference = 1EAAB04E1C607B77007F7E07 /* 找新窝.app */;
			productType = "com.apple.product-type.application";
		};
/* End PBXNativeTarget section */

/* Begin PBXProject section */
		1EAAB0461C607B77007F7E07 /* Project object */ = {
			isa = PBXProject;
			attributes = {
				LastUpgradeCheck = 0720;
				ORGANIZATIONNAME = "卜千 郑";
				TargetAttributes = {
					1EAAB04D1C607B77007F7E07 = {
						CreatedOnToolsVersion = 7.2;
						DevelopmentTeam = Q7D6Q96KMH;
					};
				};
			};
			buildConfigurationList = 1EAAB0491C607B77007F7E07 /* Build configuration list for PBXProject "找新窝" */;
			compatibilityVersion = "Xcode 3.2";
			developmentRegion = English;
			hasScannedForEncodings = 0;
			knownRegions = (
				en,
				Base,
			);
			mainGroup = 1EAAB0451C607B77007F7E07;
			productRefGroup = 1EAAB04F1C607B77007F7E07 /* Products */;
			projectDirPath = "";
			projectRoot = "";
			targets = (
				1EAAB04D1C607B77007F7E07 /* 找新窝 */,
			);
		};
/* End PBXProject section */

/* Begin PBXResourcesBuildPhase section */
		1EAAB04C1C607B77007F7E07 /* Resources */ = {
			isa = PBXResourcesBuildPhase;
			buildActionMask = 2147483647;
			files = (
				1EAAB0611C607B77007F7E07 /* LaunchScreen.storyboard in Resources */,
				1EAAB05E1C607B77007F7E07 /* Assets.xcassets in Resources */,
				1EAAB05C1C607B77007F7E07 /* Main.storyboard in Resources */,
				1EAAB07B1C60967F007F7E07 /* ZXWInfoCell.xib in Resources */,
				1EAAB0751C608C09007F7E07 /* ZXWHomeViewController.xib in Resources */,
			);
			runOnlyForDeploymentPostprocessing = 0;
		};
/* End PBXResourcesBuildPhase section */

/* Begin PBXSourcesBuildPhase section */
		1EAAB04A1C607B77007F7E07 /* Sources */ = {
			isa = PBXSourcesBuildPhase;
			buildActionMask = 2147483647;
			files = (
				1EAAB0561C607B77007F7E07 /* AppDelegate.m in Sources */,
				1EAAB0531C607B77007F7E07 /* main.m in Sources */,
				1EAAB07A1C60967F007F7E07 /* ZXWInfoCell.m in Sources */,
				1EAAB06F1C60822B007F7E07 /* ZXWInfoTableViewController.m in Sources */,
				1EAAB07E1C60A654007F7E07 /* ZXWRetriveData.m in Sources */,
				1EAAB0741C608C09007F7E07 /* ZXWHomeViewController.m in Sources */,
			);
			runOnlyForDeploymentPostprocessing = 0;
		};
/* End PBXSourcesBuildPhase section */

/* Begin PBXVariantGroup section */
		1EAAB05A1C607B77007F7E07 /* Main.storyboard */ = {
			isa = PBXVariantGroup;
			children = (
				1EAAB05B1C607B77007F7E07 /* Base */,
			);
			name = Main.storyboard;
			sourceTree = "<group>";
		};
		1EAAB05F1C607B77007F7E07 /* LaunchScreen.storyboard */ = {
			isa = PBXVariantGroup;
			children = (
				1EAAB0601C607B77007F7E07 /* Base */,
			);
			name = LaunchScreen.storyboard;
			sourceTree = "<group>";
		};
/* End PBXVariantGroup section */

/* Begin XCBuildConfiguration section */
		1EAAB0631C607B77007F7E07 /* Debug */ = {
			isa = XCBuildConfiguration;
			buildSettings = {
				ALWAYS_SEARCH_USER_PATHS = NO;
				CLANG_CXX_LANGUAGE_STANDARD = "gnu++0x";
				CLANG_CXX_LIBRARY = "libc++";
				CLANG_ENABLE_MODULES = YES;
				CLANG_ENABLE_OBJC_ARC = YES;
				CLANG_WARN_BOOL_CONVERSION = YES;
				CLANG_WARN_CONSTANT_CONVERSION = YES;
				CLANG_WARN_DIRECT_OBJC_ISA_USAGE = YES_ERROR;
				CLANG_WARN_EMPTY_BODY = YES;
				CLANG_WARN_ENUM_CONVERSION = YES;
				CLANG_WARN_INT_CONVERSION = YES;
				CLANG_WARN_OBJC_ROOT_CLASS = YES_ERROR;
				CLANG_WARN_UNREACHABLE_CODE = YES;
				CLANG_WARN__DUPLICATE_METHOD_MATCH = YES;
				"CODE_SIGN_IDENTITY[sdk=iphoneos*]" = "iPhone Developer";
				COPY_PHASE_STRIP = NO;
				DEBUG_INFORMATION_FORMAT = dwarf;
				ENABLE_STRICT_OBJC_MSGSEND = YES;
				ENABLE_TESTABILITY = YES;
				GCC_C_LANGUAGE_STANDARD = gnu99;
				GCC_DYNAMIC_NO_PIC = NO;
				GCC_NO_COMMON_BLOCKS = YES;
				GCC_OPTIMIZATION_LEVEL = 0;
				GCC_PREPROCESSOR_DEFINITIONS = (
					"DEBUG=1",
					"$(inherited)",
				);
				GCC_WARN_64_TO_32_BIT_CONVERSION = YES;
				GCC_WARN_ABOUT_RETURN_TYPE = YES_ERROR;
				GCC_WARN_UNDECLARED_SELECTOR = YES;
				GCC_WARN_UNINITIALIZED_AUTOS = YES_AGGRESSIVE;
				GCC_WARN_UNUSED_FUNCTION = YES;
				GCC_WARN_UNUSED_VARIABLE = YES;
				IPHONEOS_DEPLOYMENT_TARGET = 9.2;
				MTL_ENABLE_DEBUG_INFO = YES;
				ONLY_ACTIVE_ARCH = YES;
				SDKROOT = iphoneos;
				TARGETED_DEVICE_FAMILY = "1,2";
			};
			name = Debug;
		};
		1EAAB0641C607B77007F7E07 /* Release */ = {
			isa = XCBuildConfiguration;
			buildSettings = {
				ALWAYS_SEARCH_USER_PATHS = NO;
				CLANG_CXX_LANGUAGE_STANDARD = "gnu++0x";
				CLANG_CXX_LIBRARY = "libc++";
				CLANG_ENABLE_MODULES = YES;
				CLANG_ENABLE_OBJC_ARC = YES;
				CLANG_WARN_BOOL_CONVERSION = YES;
				CLANG_WARN_CONSTANT_CONVERSION = YES;
				CLANG_WARN_DIRECT_OBJC_ISA_USAGE = YES_ERROR;
				CLANG_WARN_EMPTY_BODY = YES;
				CLANG_WARN_ENUM_CONVERSION = YES;
				CLANG_WARN_INT_CONVERSION = YES;
				CLANG_WARN_OBJC_ROOT_CLASS = YES_ERROR;
				CLANG_WARN_UNREACHABLE_CODE = YES;
				CLANG_WARN__DUPLICATE_METHOD_MATCH = YES;
				"CODE_SIGN_IDENTITY[sdk=iphoneos*]" = "iPhone Developer";
				COPY_PHASE_STRIP = NO;
				DEBUG_INFORMATION_FORMAT = "dwarf-with-dsym";
				ENABLE_NS_ASSERTIONS = NO;
				ENABLE_STRICT_OBJC_MSGSEND = YES;
				GCC_C_LANGUAGE_STANDARD = gnu99;
				GCC_NO_COMMON_BLOCKS = YES;
				GCC_WARN_64_TO_32_BIT_CONVERSION = YES;
				GCC_WARN_ABOUT_RETURN_TYPE = YES_ERROR;
				GCC_WARN_UNDECLARED_SELECTOR = YES;
				GCC_WARN_UNINITIALIZED_AUTOS = YES_AGGRESSIVE;
				GCC_WARN_UNUSED_FUNCTION = YES;
				GCC_WARN_UNUSED_VARIABLE = YES;
				IPHONEOS_DEPLOYMENT_TARGET = 9.2;
				MTL_ENABLE_DEBUG_INFO = NO;
				SDKROOT = iphoneos;
				TARGETED_DEVICE_FAMILY = "1,2";
				VALIDATE_PRODUCT = YES;
			};
			name = Release;
		};
		1EAAB0661C607B77007F7E07 /* Debug */ = {
			isa = XCBuildConfiguration;
			buildSettings = {
				ASSETCATALOG_COMPILER_APPICON_NAME = AppIcon;
				INFOPLIST_FILE = "找新窝/Info.plist";
				LD_RUNPATH_SEARCH_PATHS = "$(inherited) @executable_path/Frameworks";
				PRODUCT_BUNDLE_IDENTIFIER = com.zhengbuqian.ZXW;
				PRODUCT_NAME = "$(TARGET_NAME)";
			};
			name = Debug;
		};
		1EAAB0671C607B77007F7E07 /* Release */ = {
			isa = XCBuildConfiguration;
			buildSettings = {
				ASSETCATALOG_COMPILER_APPICON_NAME = AppIcon;
				INFOPLIST_FILE = "找新窝/Info.plist";
				LD_RUNPATH_SEARCH_PATHS = "$(inherited) @executable_path/Frameworks";
				PRODUCT_BUNDLE_IDENTIFIER = com.zhengbuqian.ZXW;
				PRODUCT_NAME = "$(TARGET_NAME)";
			};
			name = Release;
		};
/* End XCBuildConfiguration section */

/* Begin XCConfigurationList section */
		1EAAB0491C607B77007F7E07 /* Build configuration list for PBXProject "找新窝" */ = {
			isa = XCConfigurationList;
			buildConfigurations = (
				1EAAB0631C607B77007F7E07 /* Debug */,
				1EAAB0641C607B77007F7E07 /* Release */,
			);
			defaultConfigurationIsVisible = 0;
			defaultConfigurationName = Release;
		};
		1EAAB0651C607B77007F7E07 /* Build configuration list for PBXNativeTarget "找新窝" */ = {
			isa = XCConfigurationList;
			buildConfigurations = (
				1EAAB0661C607B77007F7E07 /* Debug */,
				1EAAB0671C607B77007F7E07 /* Release */,
			);
			defaultConfigurationIsVisible = 0;
			defaultConfigurationName = Release;
		};
/* End XCConfigurationList section */
	};
	rootObject = 1EAAB0461C607B77007F7E07 /* Project object */;
}
